
Microsoft Visual Studio Solution File, Format Version 12.00
# Visual Studio Version 17
VisualStudioVersion = 17.2.32526.322
MinimumVisualStudioVersion = 10.0.40219.1
Project("{FAE04EC0-301F-11D3-BF4B-00C04F79EFBC}") = "Exam2021ReverseEngineering", "Exam2021ReverseEngineering\Exam2021ReverseEngineering.csproj", "{5D7CA463-7120-4BCF-8991-37431D7FB102}"
EndProject
Global
	GlobalSection(SolutionConfigurationPlatforms) = preSolution
		Debug|Any CPU = Debug|Any CPU
		Release|Any CPU = Release|Any CPU
	EndGlobalSection
	GlobalSection(ProjectConfigurationPlatforms) = postSolution
		{5D7CA463-7120-4BCF-8991-37431D7FB102}.Debug|Any CPU.ActiveCfg = Debug|Any CPU
		{5D7CA463-7120-4BCF-8991-37431D7FB102}.Debug|Any CPU.Build.0 = Debug|Any CPU
		{5D7CA463-7120-4BCF-8991-37431D7FB102}.Release|Any CPU.ActiveCfg = Release|Any CPU
		{5D7CA463-7120-4BCF-8991-37431D7FB102}.Release|Any CPU.Build.0 = Release|Any CPU
	EndGlobalSection
	GlobalSection(SolutionProperties) = preSolution
		HideSolutionNode = FALSE
	EndGlobalSection
	GlobalSection(ExtensibilityGlobals) = postSolution
		SolutionGuid = {16CFA852-2C15-45AC-9D44-15F4E7F4A91C}
	EndGlobalSection
EndGlobal
